
Microsoft Visual Studio Solution File, Format Version 12.00
# Visual Studio 15
VisualStudioVersion = 15.0.26206.0
MinimumVisualStudioVersion = 10.0.40219.1
Project("{FAE04EC0-301F-11D3-BF4B-00C04F79EFBC}") = "SimpleTools", "SimpleTools\SimpleTools.csproj", "{7EB6DCCF-F7DF-4065-BC66-D41744D733A1}"
EndProject
Project("{FAE04EC0-301F-11D3-BF4B-00C04F79EFBC}") = "Extensions", "Extensions\Extensions.csproj", "{C9FD70CC-9711-4776-B5B3-D0A1580C34B3}"
EndProject
Global
	GlobalSection(SolutionConfigurationPlatforms) = preSolution
		Debug|Any CPU = Debug|Any CPU
		Release|Any CPU = Release|Any CPU
	EndGlobalSection
	GlobalSection(ProjectConfigurationPlatforms) = postSolution
		{7EB6DCCF-F7DF-4065-BC66-D41744D733A1}.Debug|Any CPU.ActiveCfg = Debug|Any CPU
		{7EB6DCCF-F7DF-4065-BC66-D41744D733A1}.Debug|Any CPU.Build.0 = Debug|Any CPU
		{7EB6DCCF-F7DF-4065-BC66-D41744D733A1}.Release|Any CPU.ActiveCfg = Release|Any CPU
		{7EB6DCCF-F7DF-4065-BC66-D41744D733A1}.Release|Any CPU.Build.0 = Release|Any CPU
		{C9FD70CC-9711-4776-B5B3-D0A1580C34B3}.Debug|Any CPU.ActiveCfg = Debug|Any CPU
		{C9FD70CC-9711-4776-B5B3-D0A1580C34B3}.Debug|Any CPU.Build.0 = Debug|Any CPU
		{C9FD70CC-9711-4776-B5B3-D0A1580C34B3}.Release|Any CPU.ActiveCfg = Release|Any CPU
		{C9FD70CC-9711-4776-B5B3-D0A1580C34B3}.Release|Any CPU.Build.0 = Release|Any CPU
	EndGlobalSection
	GlobalSection(SolutionProperties) = preSolution
		HideSolutionNode = FALSE
	EndGlobalSection
EndGlobal
